// !$*UTF8*$!
{
	archiveVersion = 1;
	classes = {
	};
	objectVersion = 77;
	objects = {

/* Begin PBXContainerItemProxy section */
		0EEC7F3C2D7F895100FB8607 /* PBXContainerItemProxy */ = {
			isa = PBXContainerItemProxy;
			containerPortal = 0EEC7F212D7F894F00FB8607 /* Project object */;
			proxyType = 1;
			remoteGlobalIDString = 0EEC7F282D7F894F00FB8607;
			remoteInfo = Math24;
		};
		0EEC7F462D7F895100FB8607 /* PBXContainerItemProxy */ = {
			isa = PBXContainerItemProxy;
			containerPortal = 0EEC7F212D7F894F00FB8607 /* Project object */;
			proxyType = 1;
			remoteGlobalIDString = 0EEC7F282D7F894F00FB8607;
			remoteInfo = Math24;
		};
/* End PBXContainerItemProxy section */

/* Begin PBXFileReference section */
		0EEC7F292D7F894F00FB8607 /* Math24.app */ = {isa = PBXFileReference; explicitFileType = wrapper.application; includeInIndex = 0; path = Math24.app; sourceTree = BUILT_PRODUCTS_DIR; };
		0EEC7F3B2D7F895100FB8607 /* Math24Tests.xctest */ = {isa = PBXFileReference; explicitFileType = wrapper.cfbundle; includeInIndex = 0; path = Math24Tests.xctest; sourceTree = BUILT_PRODUCTS_DIR; };
		0EEC7F452D7F895100FB8607 /* Math24UITests.xctest */ = {isa = PBXFileReference; explicitFileType = wrapper.cfbundle; includeInIndex = 0; path = Math24UITests.xctest; sourceTree = BUILT_PRODUCTS_DIR; };
/* End PBXFileReference section */

/* Begin PBXFileSystemSynchronizedRootGroup section */
		0EEC7F2B2D7F894F00FB8607 /* Math24 */ = {
			isa = PBXFileSystemSynchronizedRootGroup;
			path = Math24;
			sourceTree = "<group>";
		};
		0EEC7F3E2D7F895100FB8607 /* Math24Tests */ = {
			isa = PBXFileSystemSynchronizedRootGroup;
			path = Math24Tests;
			sourceTree = "<group>";
		};
		0EEC7F482D7F895100FB8607 /* Math24UITests */ = {
			isa = PBXFileSystemSynchronizedRootGroup;
			path = Math24UITests;
			sourceTree = "<group>";
		};
/* End PBXFileSystemSynchronizedRootGroup section */

/* Begin PBXFrameworksBuildPhase section */
		0EEC7F262D7F894F00FB8607 /* Frameworks */ = {
			isa = PBXFrameworksBuildPhase;
			buildActionMask = 2147483647;
			files = (
			);
			runOnlyForDeploymentPostprocessing = 0;
		};
		0EEC7F382D7F895100FB8607 /* Frameworks */ = {
			isa = PBXFrameworksBuildPhase;
			buildActionMask = 2147483647;
			files = (
			);
			runOnlyForDeploymentPostprocessing = 0;
		};
		0EEC7F422D7F895100FB8607 /* Frameworks */ = {
			isa = PBXFrameworksBuildPhase;
			buildActionMask = 2147483647;
			files = (
			);
			runOnlyForDeploymentPostprocessing = 0;
		};
/* End PBXFrameworksBuildPhase section */

/* Begin PBXGroup section */
		0EEC7F202D7F894F00FB8607 = {
			isa = PBXGroup;
			children = (
				0EEC7F2B2D7F894F00FB8607 /* Math24 */,
				0EEC7F3E2D7F895100FB8607 /* Math24Tests */,
				0EEC7F482D7F895100FB8607 /* Math24UITests */,
				0EEC7F2A2D7F894F00FB8607 /* Products */,
			);
			sourceTree = "<group>";
		};
		0EEC7F2A2D7F894F00FB8607 /* Products */ = {
			isa = PBXGroup;
			children = (
				0EEC7F292D7F894F00FB8607 /* Math24.app */,
				0EEC7F3B2D7F895100FB8607 /* Math24Tests.xctest */,
				0EEC7F452D7F895100FB8607 /* Math24UITests.xctest */,
			);
			name = Products;
			sourceTree = "<group>";
		};
/* End PBXGroup section */

/* Begin PBXNativeTarget section */
		0EEC7F282D7F894F00FB8607 /* Math24 */ = {
			isa = PBXNativeTarget;
			buildConfigurationList = 0EEC7F4F2D7F895100FB8607 /* Build configuration list for PBXNativeTarget "Math24" */;
			buildPhases = (
				0EEC7F252D7F894F00FB8607 /* Sources */,
				0EEC7F262D7F894F00FB8607 /* Frameworks */,
				0EEC7F272D7F894F00FB8607 /* Resources */,
			);
			buildRules = (
			);
			dependencies = (
			);
			fileSystemSynchronizedGroups = (
				0EEC7F2B2D7F894F00FB8607 /* Math24 */,
			);
			name = Math24;
			packageProductDependencies = (
			);
			productName = Math24;
			productReference = 0EEC7F292D7F894F00FB8607 /* Math24.app */;
			productType = "com.apple.product-type.application";
		};
		0EEC7F3A2D7F895100FB8607 /* Math24Tests */ = {
			isa = PBXNativeTarget;
			buildConfigurationList = 0EEC7F522D7F895100FB8607 /* Build configuration list for PBXNativeTarget "Math24Tests" */;
			buildPhases = (
				0EEC7F372D7F895100FB8607 /* Sources */,
				0EEC7F382D7F895100FB8607 /* Frameworks */,
				0EEC7F392D7F895100FB8607 /* Resources */,
			);
			buildRules = (
			);
			dependencies = (
				0EEC7F3D2D7F895100FB8607 /* PBXTargetDependency */,
			);
			fileSystemSynchronizedGroups = (
				0EEC7F3E2D7F895100FB8607 /* Math24Tests */,
			);
			name = Math24Tests;
			packageProductDependencies = (
			);
			productName = Math24Tests;
			productReference = 0EEC7F3B2D7F895100FB8607 /* Math24Tests.xctest */;
			productType = "com.apple.product-type.bundle.unit-test";
		};
		0EEC7F442D7F895100FB8607 /* Math24UITests */ = {
			isa = PBXNativeTarget;
			buildConfigurationList = 0EEC7F552D7F895100FB8607 /* Build configuration list for PBXNativeTarget "Math24UITests" */;
			buildPhases = (
				0EEC7F412D7F895100FB8607 /* Sources */,
				0EEC7F422D7F895100FB8607 /* Frameworks */,
				0EEC7F432D7F895100FB8607 /* Resources */,
			);
			buildRules = (
			);
			dependencies = (
				0EEC7F472D7F895100FB8607 /* PBXTargetDependency */,
			);
			fileSystemSynchronizedGroups = (
				0EEC7F482D7F895100FB8607 /* Math24UITests */,
			);
			name = Math24UITests;
			packageProductDependencies = (
			);
			productName = Math24UITests;
			productReference = 0EEC7F452D7F895100FB8607 /* Math24UITests.xctest */;
			productType = "com.apple.product-type.bundle.ui-testing";
		};
/* End PBXNativeTarget section */

/* Begin PBXProject section */
		0EEC7F212D7F894F00FB8607 /* Project object */ = {
			isa = PBXProject;
			attributes = {
				BuildIndependentTargetsInParallel = 1;
				LastSwiftUpdateCheck = 1620;
				LastUpgradeCheck = 1620;
				TargetAttributes = {
					0EEC7F282D7F894F00FB8607 = {
						CreatedOnToolsVersion = 16.2;
					};
					0EEC7F3A2D7F895100FB8607 = {
						CreatedOnToolsVersion = 16.2;
						TestTargetID = 0EEC7F282D7F894F00FB8607;
					};
					0EEC7F442D7F895100FB8607 = {
						CreatedOnToolsVersion = 16.2;
						TestTargetID = 0EEC7F282D7F894F00FB8607;
					};
				};
			};
			buildConfigurationList = 0EEC7F242D7F894F00FB8607 /* Build configuration list for PBXProject "Math24" */;
			developmentRegion = en;
			hasScannedForEncodings = 0;
			knownRegions = (
				en,
				Base,
			);
			mainGroup = 0EEC7F202D7F894F00FB8607;
			minimizedProjectReferenceProxies = 1;
			preferredProjectObjectVersion = 77;
			productRefGroup = 0EEC7F2A2D7F894F00FB8607 /* Products */;
			projectDirPath = "";
			projectRoot = "";
			targets = (
				0EEC7F282D7F894F00FB8607 /* Math24 */,
				0EEC7F3A2D7F895100FB8607 /* Math24Tests */,
				0EEC7F442D7F895100FB8607 /* Math24UITests */,
			);
		};
/* End PBXProject section */

/* Begin PBXResourcesBuildPhase section */
		0EEC7F272D7F894F00FB8607 /* Resources */ = {
			isa = PBXResourcesBuildPhase;
			buildActionMask = 2147483647;
			files = (
			);
			runOnlyForDeploymentPostprocessing = 0;
		};
		0EEC7F392D7F895100FB8607 /* Resources */ = {
			isa = PBXResourcesBuildPhase;
			buildActionMask = 2147483647;
			files = (
			);
			runOnlyForDeploymentPostprocessing = 0;
		};
		0EEC7F432D7F895100FB8607 /* Resources */ = {
			isa = PBXResourcesBuildPhase;
			buildActionMask = 2147483647;
			files = (
			);
			runOnlyForDeploymentPostprocessing = 0;
		};
/* End PBXResourcesBuildPhase section */

/* Begin PBXSourcesBuildPhase section */
		0EEC7F252D7F894F00FB8607 /* Sources */ = {
			isa = PBXSourcesBuildPhase;
			buildActionMask = 2147483647;
			files = (
			);
			runOnlyForDeploymentPostprocessing = 0;
		};
		0EEC7F372D7F895100FB8607 /* Sources */ = {
			isa = PBXSourcesBuildPhase;
			buildActionMask = 2147483647;
			files = (
			);
			runOnlyForDeploymentPostprocessing = 0;
		};
		0EEC7F412D7F895100FB8607 /* Sources */ = {
			isa = PBXSourcesBuildPhase;
			buildActionMask = 2147483647;
			files = (
			);
			runOnlyForDeploymentPostprocessing = 0;
		};
/* End PBXSourcesBuildPhase section */

/* Begin PBXTargetDependency section */
		0EEC7F3D2D7F895100FB8607 /* PBXTargetDependency */ = {
			isa = PBXTargetDependency;
			target = 0EEC7F282D7F894F00FB8607 /* Math24 */;
			targetProxy = 0EEC7F3C2D7F895100FB8607 /* PBXContainerItemProxy */;
		};
		0EEC7F472D7F895100FB8607 /* PBXTargetDependency */ = {
			isa = PBXTargetDependency;
			target = 0EEC7F282D7F894F00FB8607 /* Math24 */;
			targetProxy = 0EEC7F462D7F895100FB8607 /* PBXContainerItemProxy */;
		};
/* End PBXTargetDependency section */

/* Begin XCBuildConfiguration section */
		0EEC7F4D2D7F895100FB8607 /* Debug */ = {
			isa = XCBuildConfiguration;
			buildSettings = {
				ALWAYS_SEARCH_USER_PATHS = NO;
				ASSETCATALOG_COMPILER_GENERATE_SWIFT_ASSET_SYMBOL_EXTENSIONS = YES;
				CLANG_ANALYZER_NONNULL = YES;
				CLANG_ANALYZER_NUMBER_OBJECT_CONVERSION = YES_AGGRESSIVE;
				CLANG_CXX_LANGUAGE_STANDARD = "gnu++20";
				CLANG_ENABLE_MODULES = YES;
				CLANG_ENABLE_OBJC_ARC = YES;
				CLANG_ENABLE_OBJC_WEAK = YES;
				CLANG_WARN_BLOCK_CAPTURE_AUTORELEASING = YES;
				CLANG_WARN_BOOL_CONVERSION = YES;
				CLANG_WARN_COMMA = YES;
				CLANG_WARN_CONSTANT_CONVERSION = YES;
				CLANG_WARN_DEPRECATED_OBJC_IMPLEMENTATIONS = YES;
				CLANG_WARN_DIRECT_OBJC_ISA_USAGE = YES_ERROR;
				CLANG_WARN_DOCUMENTATION_COMMENTS = YES;
				CLANG_WARN_EMPTY_BODY = YES;
				CLANG_WARN_ENUM_CONVERSION = YES;
				CLANG_WARN_INFINITE_RECURSION = YES;
				CLANG_WARN_INT_CONVERSION = YES;
				CLANG_WARN_NON_LITERAL_NULL_CONVERSION = YES;
				CLANG_WARN_OBJC_IMPLICIT_RETAIN_SELF = YES;
				CLANG_WARN_OBJC_LITERAL_CONVERSION = YES;
				CLANG_WARN_OBJC_ROOT_CLASS = YES_ERROR;
				CLANG_WARN_QUOTED_INCLUDE_IN_FRAMEWORK_HEADER = YES;
				CLANG_WARN_RANGE_LOOP_ANALYSIS = YES;
				CLANG_WARN_STRICT_PROTOTYPES = YES;
				CLANG_WARN_SUSPICIOUS_MOVE = YES;
				CLANG_WARN_UNGUARDED_AVAILABILITY = YES_AGGRESSIVE;
				CLANG_WARN_UNREACHABLE_CODE = YES;
				CLANG_WARN__DUPLICATE_METHOD_MATCH = YES;
				COPY_PHASE_STRIP = NO;
				DEBUG_INFORMATION_FORMAT = dwarf;
				ENABLE_STRICT_OBJC_MSGSEND = YES;
				ENABLE_TESTABILITY = YES;
				ENABLE_USER_SCRIPT_SANDBOXING = YES;
				GCC_C_LANGUAGE_STANDARD = gnu17;
				GCC_DYNAMIC_NO_PIC = NO;
				GCC_NO_COMMON_BLOCKS = YES;
				GCC_OPTIMIZATION_LEVEL = 0;
				GCC_PREPROCESSOR_DEFINITIONS = (
					"DEBUG=1",
					"$(inherited)",
				);
				GCC_WARN_64_TO_32_BIT_CONVERSION = YES;
				GCC_WARN_ABOUT_RETURN_TYPE = YES_ERROR;
				GCC_WARN_UNDECLARED_SELECTOR = YES;
				GCC_WARN_UNINITIALIZED_AUTOS = YES_AGGRESSIVE;
				GCC_WARN_UNUSED_FUNCTION = YES;
				GCC_WARN_UNUSED_VARIABLE = YES;
				IPHONEOS_DEPLOYMENT_TARGET = 18.2;
				LOCALIZATION_PREFERS_STRING_CATALOGS = YES;
				MTL_ENABLE_DEBUG_INFO = INCLUDE_SOURCE;
				MTL_FAST_MATH = YES;
				ONLY_ACTIVE_ARCH = YES;
				SDKROOT = iphoneos;
				SWIFT_ACTIVE_COMPILATION_CONDITIONS = "DEBUG $(inherited)";
				SWIFT_OPTIMIZATION_LEVEL = "-Onone";
			};
			name = Debug;
		};
		0EEC7F4E2D7F895100FB8607 /* Release */ = {
			isa = XCBuildConfiguration;
			buildSettings = {
				ALWAYS_SEARCH_USER_PATHS = NO;
				ASSETCATALOG_COMPILER_GENERATE_SWIFT_ASSET_SYMBOL_EXTENSIONS = YES;
				CLANG_ANALYZER_NONNULL = YES;
				CLANG_ANALYZER_NUMBER_OBJECT_CONVERSION = YES_AGGRESSIVE;
				CLANG_CXX_LANGUAGE_STANDARD = "gnu++20";
				CLANG_ENABLE_MODULES = YES;
				CLANG_ENABLE_OBJC_ARC = YES;
				CLANG_ENABLE_OBJC_WEAK = YES;
				CLANG_WARN_BLOCK_CAPTURE_AUTORELEASING = YES;
				CLANG_WARN_BOOL_CONVERSION = YES;
				CLANG_WARN_COMMA = YES;
				CLANG_WARN_CONSTANT_CONVERSION = YES;
				CLANG_WARN_DEPRECATED_OBJC_IMPLEMENTATIONS = YES;
				CLANG_WARN_DIRECT_OBJC_ISA_USAGE = YES_ERROR;
				CLANG_WARN_DOCUMENTATION_COMMENTS = YES;
				CLANG_WARN_EMPTY_BODY = YES;
				CLANG_WARN_ENUM_CONVERSION = YES;
				CLANG_WARN_INFINITE_RECURSION = YES;
				CLANG_WARN_INT_CONVERSION = YES;
				CLANG_WARN_NON_LITERAL_NULL_CONVERSION = YES;
				CLANG_WARN_OBJC_IMPLICIT_RETAIN_SELF = YES;
				CLANG_WARN_OBJC_LITERAL_CONVERSION = YES;
				CLANG_WARN_OBJC_ROOT_CLASS = YES_ERROR;
				CLANG_WARN_QUOTED_INCLUDE_IN_FRAMEWORK_HEADER = YES;
				CLANG_WARN_RANGE_LOOP_ANALYSIS = YES;
				CLANG_WARN_STRICT_PROTOTYPES = YES;
				CLANG_WARN_SUSPICIOUS_MOVE = YES;
				CLANG_WARN_UNGUARDED_AVAILABILITY = YES_AGGRESSIVE;
				CLANG_WARN_UNREACHABLE_CODE = YES;
				CLANG_WARN__DUPLICATE_METHOD_MATCH = YES;
				COPY_PHASE_STRIP = NO;
				DEBUG_INFORMATION_FORMAT = "dwarf-with-dsym";
				ENABLE_NS_ASSERTIONS = NO;
				ENABLE_STRICT_OBJC_MSGSEND = YES;
				ENABLE_USER_SCRIPT_SANDBOXING = YES;
				GCC_C_LANGUAGE_STANDARD = gnu17;
				GCC_NO_COMMON_BLOCKS = YES;
				GCC_WARN_64_TO_32_BIT_CONVERSION = YES;
				GCC_WARN_ABOUT_RETURN_TYPE = YES_ERROR;
				GCC_WARN_UNDECLARED_SELECTOR = YES;
				GCC_WARN_UNINITIALIZED_AUTOS = YES_AGGRESSIVE;
				GCC_WARN_UNUSED_FUNCTION = YES;
				GCC_WARN_UNUSED_VARIABLE = YES;
				IPHONEOS_DEPLOYMENT_TARGET = 18.2;
				LOCALIZATION_PREFERS_STRING_CATALOGS = YES;
				MTL_ENABLE_DEBUG_INFO = NO;
				MTL_FAST_MATH = YES;
				SDKROOT = iphoneos;
				SWIFT_COMPILATION_MODE = wholemodule;
				VALIDATE_PRODUCT = YES;
			};
			name = Release;
		};
		0EEC7F502D7F895100FB8607 /* Debug */ = {
			isa = XCBuildConfiguration;
			buildSettings = {
				ASSETCATALOG_COMPILER_APPICON_NAME = AppIcon;
				ASSETCATALOG_COMPILER_GLOBAL_ACCENT_COLOR_NAME = AccentColor;
				CODE_SIGN_STYLE = Automatic;
				CURRENT_PROJECT_VERSION = 1;
				DEVELOPMENT_ASSET_PATHS = "\"Math24/Preview Content\"";
				DEVELOPMENT_TEAM = Y95D498QAR;
				ENABLE_PREVIEWS = YES;
				GENERATE_INFOPLIST_FILE = YES;
				INFOPLIST_KEY_UIApplicationSceneManifest_Generation = YES;
				INFOPLIST_KEY_UIApplicationSupportsIndirectInputEvents = YES;
				INFOPLIST_KEY_UILaunchScreen_Generation = YES;
				INFOPLIST_KEY_UISupportedInterfaceOrientations_iPad = "UIInterfaceOrientationPortrait UIInterfaceOrientationPortraitUpsideDown UIInterfaceOrientationLandscapeLeft UIInterfaceOrientationLandscapeRight";
				INFOPLIST_KEY_UISupportedInterfaceOrientations_iPhone = "UIInterfaceOrientationPortrait UIInterfaceOrientationLandscapeLeft UIInterfaceOrientationLandscapeRight";
				LD_RUNPATH_SEARCH_PATHS = (
					"$(inherited)",
					"@executable_path/Frameworks",
				);
				MARKETING_VERSION = 1.0;
				PRODUCT_BUNDLE_IDENTIFIER = Kyle.Math24;
				PRODUCT_NAME = "$(TARGET_NAME)";
				SWIFT_EMIT_LOC_STRINGS = YES;
				SWIFT_VERSION = 5.0;
				TARGETED_DEVICE_FAMILY = "1,2";
			};
			name = Debug;
		};
		0EEC7F512D7F895100FB8607 /* Release */ = {
			isa = XCBuildConfiguration;
			buildSettings = {
				ASSETCATALOG_COMPILER_APPICON_NAME = AppIcon;
				ASSETCATALOG_COMPILER_GLOBAL_ACCENT_COLOR_NAME = AccentColor;
				CODE_SIGN_STYLE = Automatic;
				CURRENT_PROJECT_VERSION = 1;
				DEVELOPMENT_ASSET_PATHS = "\"Math24/Preview Content\"";
				DEVELOPMENT_TEAM = Y95D498QAR;
				ENABLE_PREVIEWS = YES;
				GENERATE_INFOPLIST_FILE = YES;
				INFOPLIST_KEY_UIApplicationSceneManifest_Generation = YES;
				INFOPLIST_KEY_UIApplicationSupportsIndirectInputEvents = YES;
				INFOPLIST_KEY_UILaunchScreen_Generation = YES;
				INFOPLIST_KEY_UISupportedInterfaceOrientations_iPad = "UIInterfaceOrientationPortrait UIInterfaceOrientationPortraitUpsideDown UIInterfaceOrientationLandscapeLeft UIInterfaceOrientationLandscapeRight";
				INFOPLIST_KEY_UISupportedInterfaceOrientations_iPhone = "UIInterfaceOrientationPortrait UIInterfaceOrientationLandscapeLeft UIInterfaceOrientationLandscapeRight";
				LD_RUNPATH_SEARCH_PATHS = (
					"$(inherited)",
					"@executable_path/Frameworks",
				);
				MARKETING_VERSION = 1.0;
				PRODUCT_BUNDLE_IDENTIFIER = Kyle.Math24;
				PRODUCT_NAME = "$(TARGET_NAME)";
				SWIFT_EMIT_LOC_STRINGS = YES;
				SWIFT_VERSION = 5.0;
				TARGETED_DEVICE_FAMILY = "1,2";
			};
			name = Release;
		};
		0EEC7F532D7F895100FB8607 /* Debug */ = {
			isa = XCBuildConfiguration;
			buildSettings = {
				BUNDLE_LOADER = "$(TEST_HOST)";
				CODE_SIGN_STYLE = Automatic;
				CURRENT_PROJECT_VERSION = 1;
				DEVELOPMENT_TEAM = Y95D498QAR;
				GENERATE_INFOPLIST_FILE = YES;
				IPHONEOS_DEPLOYMENT_TARGET = 18.2;
				MARKETING_VERSION = 1.0;
				PRODUCT_BUNDLE_IDENTIFIER = Kyle.Math24Tests;
				PRODUCT_NAME = "$(TARGET_NAME)";
				SWIFT_EMIT_LOC_STRINGS = NO;
				SWIFT_VERSION = 5.0;
				TARGETED_DEVICE_FAMILY = "1,2";
				TEST_HOST = "$(BUILT_PRODUCTS_DIR)/Math24.app/$(BUNDLE_EXECUTABLE_FOLDER_PATH)/Math24";
			};
			name = Debug;
		};
		0EEC7F542D7F895100FB8607 /* Release */ = {
			isa = XCBuildConfiguration;
			buildSettings = {
				BUNDLE_LOADER = "$(TEST_HOST)";
				CODE_SIGN_STYLE = Automatic;
				CURRENT_PROJECT_VERSION = 1;
				DEVELOPMENT_TEAM = Y95D498QAR;
				GENERATE_INFOPLIST_FILE = YES;
				IPHONEOS_DEPLOYMENT_TARGET = 18.2;
				MARKETING_VERSION = 1.0;
				PRODUCT_BUNDLE_IDENTIFIER = Kyle.Math24Tests;
				PRODUCT_NAME = "$(TARGET_NAME)";
				SWIFT_EMIT_LOC_STRINGS = NO;
				SWIFT_VERSION = 5.0;
				TARGETED_DEVICE_FAMILY = "1,2";
				TEST_HOST = "$(BUILT_PRODUCTS_DIR)/Math24.app/$(BUNDLE_EXECUTABLE_FOLDER_PATH)/Math24";
			};
			name = Release;
		};
		0EEC7F562D7F895100FB8607 /* Debug */ = {
			isa = XCBuildConfiguration;
			buildSettings = {
				CODE_SIGN_STYLE = Automatic;
				CURRENT_PROJECT_VERSION = 1;
				DEVELOPMENT_TEAM = Y95D498QAR;
				GENERATE_INFOPLIST_FILE = YES;
				MARKETING_VERSION = 1.0;
				PRODUCT_BUNDLE_IDENTIFIER = Kyle.Math24UITests;
				PRODUCT_NAME = "$(TARGET_NAME)";
				SWIFT_EMIT_LOC_STRINGS = NO;
				SWIFT_VERSION = 5.0;
				TARGETED_DEVICE_FAMILY = "1,2";
				TEST_TARGET_NAME = Math24;
			};
			name = Debug;
		};
		0EEC7F572D7F895100FB8607 /* Release */ = {
			isa = XCBuildConfiguration;
			buildSettings = {
				CODE_SIGN_STYLE = Automatic;
				CURRENT_PROJECT_VERSION = 1;
				DEVELOPMENT_TEAM = Y95D498QAR;
				GENERATE_INFOPLIST_FILE = YES;
				MARKETING_VERSION = 1.0;
				PRODUCT_BUNDLE_IDENTIFIER = Kyle.Math24UITests;
				PRODUCT_NAME = "$(TARGET_NAME)";
				SWIFT_EMIT_LOC_STRINGS = NO;
				SWIFT_VERSION = 5.0;
				TARGETED_DEVICE_FAMILY = "1,2";
				TEST_TARGET_NAME = Math24;
			};
			name = Release;
		};
/* End XCBuildConfiguration section */

/* Begin XCConfigurationList section */
		0EEC7F242D7F894F00FB8607 /* Build configuration list for PBXProject "Math24" */ = {
			isa = XCConfigurationList;
			buildConfigurations = (
				0EEC7F4D2D7F895100FB8607 /* Debug */,
				0EEC7F4E2D7F895100FB8607 /* Release */,
			);
			defaultConfigurationIsVisible = 0;
			defaultConfigurationName = Release;
		};
		0EEC7F4F2D7F895100FB8607 /* Build configuration list for PBXNativeTarget "Math24" */ = {
			isa = XCConfigurationList;
			buildConfigurations = (
				0EEC7F502D7F895100FB8607 /* Debug */,
				0EEC7F512D7F895100FB8607 /* Release */,
			);
			defaultConfigurationIsVisible = 0;
			defaultConfigurationName = Release;
		};
		0EEC7F522D7F895100FB8607 /* Build configuration list for PBXNativeTarget "Math24Tests" */ = {
			isa = XCConfigurationList;
			buildConfigurations = (
				0EEC7F532D7F895100FB8607 /* Debug */,
				0EEC7F542D7F895100FB8607 /* Release */,
			);
			defaultConfigurationIsVisible = 0;
			defaultConfigurationName = Release;
		};
		0EEC7F552D7F895100FB8607 /* Build configuration list for PBXNativeTarget "Math24UITests" */ = {
			isa = XCConfigurationList;
			buildConfigurations = (
				0EEC7F562D7F895100FB8607 /* Debug */,
				0EEC7F572D7F895100FB8607 /* Release */,
			);
			defaultConfigurationIsVisible = 0;
			defaultConfigurationName = Release;
		};
/* End XCConfigurationList section */
	};
	rootObject = 0EEC7F212D7F894F00FB8607 /* Project object */;
}
